<?xml version="1.0" encoding="utf-8"?>
<Project ToolsVersion="4.0" xmlns="http://schemas.microsoft.com/developer/msbuild/2003">
  <ItemGroup>
    <Filter Include="소스 파일">
      <UniqueIdentifier>{4FC737F1-C7A5-4376-A066-2A32D752A2FF}</UniqueIdentifier>
      <Extensions>cpp;c;cc;cxx;c++;def;odl;idl;hpj;bat;asm;asmx</Extensions>
    </Filter>
    <Filter Include="헤더 파일">
      <UniqueIdentifier>{93995380-89BD-4b04-88EB-625FBE52EBFB}</UniqueIdentifier>
      <Extensions>h;hh;hpp;hxx;h++;hm;inl;inc;ipp;xsd</Extensions>
    </Filter>
    <Filter Include="리소스 파일">
      <UniqueIdentifier>{67DA6AB6-F800-4c08-8B7A-83BB121AAD01}</UniqueIdentifier>
      <Extensions>rc;ico;cur;bmp;dlg;rc2;rct;bin;rgs;gif;jpg;jpeg;jpe;resx;tiff;tif;png;wav;mfcribbon-ms</Extensions>
    </Filter>
    <Filter Include="소스 파일\Sort">
      <UniqueIdentifier>{dd17c961-5561-4cc3-adc6-734fb6e5491f}</UniqueIdentifier>
    </Filter>
    <Filter Include="소스 파일\BFS">
      <UniqueIdentifier>{18c45fde-7800-4dde-880e-9c666ee12139}</UniqueIdentifier>
    </Filter>
    <Filter Include="소스 파일\Binary Search">
      <UniqueIdentifier>{a9b9a289-bc97-4230-9ffc-e6bec65837fd}</UniqueIdentifier>
    </Filter>
    <Filter Include="소스 파일\Two Pointer">
      <UniqueIdentifier>{5ffa96c1-7e58-4443-9b25-c9e70bc42469}</UniqueIdentifier>
    </Filter>
    <Filter Include="소스 파일\수학">
      <UniqueIdentifier>{78e679d0-c0d4-4a51-8c6c-f50142887b39}</UniqueIdentifier>
    </Filter>
    <Filter Include="소스 파일\Indexed Tree">
      <UniqueIdentifier>{d3103ce5-70d3-4ecc-afa5-0d7a7018d8f4}</UniqueIdentifier>
    </Filter>
    <Filter Include="소스 파일\에라토스테네스의체">
      <UniqueIdentifier>{35a2bc66-0f37-433c-924f-d12e023f5e77}</UniqueIdentifier>
    </Filter>
    <Filter Include="소스 파일\유클리드호제법">
      <UniqueIdentifier>{024f5d22-fde0-4e88-94b7-60c8a84c0666}</UniqueIdentifier>
    </Filter>
    <Filter Include="소스 파일\분할정복">
      <UniqueIdentifier>{9149def4-da14-434b-98a9-b2ee4577d464}</UniqueIdentifier>
    </Filter>
    <Filter Include="소스 파일\Priority Queue">
      <UniqueIdentifier>{d832df06-bd7e-4395-a834-2f1d27cd4cfa}</UniqueIdentifier>
    </Filter>
    <Filter Include="소스 파일\Union-Find">
      <UniqueIdentifier>{8b6fc897-357a-47aa-adb9-4a2a7d1e5a96}</UniqueIdentifier>
    </Filter>
    <Filter Include="소스 파일\MST - Kruskal%27s Algorithm">
      <UniqueIdentifier>{675e4d7f-1de4-4f0c-b128-46170990972d}</UniqueIdentifier>
    </Filter>
    <Filter Include="소스 파일\LCA 최소공통조상">
      <UniqueIdentifier>{9b15dad4-4aed-482a-beb6-9c1c93e65340}</UniqueIdentifier>
    </Filter>
    <Filter Include="소스 파일\위상정렬">
      <UniqueIdentifier>{e9ec0356-7104-443d-8d95-e51547219909}</UniqueIdentifier>
    </Filter>
    <Filter Include="소스 파일\Cut Vertices - 단절점">
      <UniqueIdentifier>{a6686e75-c5b0-423a-8c9e-b1caa216dd35}</UniqueIdentifier>
    </Filter>
    <Filter Include="소스 파일\Dijkstra - 다익스트라">
      <UniqueIdentifier>{89ecca9f-549c-417c-afeb-d6939d6d356f}</UniqueIdentifier>
    </Filter>
    <Filter Include="소스 파일\Floyd Warshall - 플로이드와샬">
      <UniqueIdentifier>{9214e550-3375-4ec6-82db-169f64ba4837}</UniqueIdentifier>
    </Filter>
    <Filter Include="소스 파일\Bellman Ford - 벨만포드">
      <UniqueIdentifier>{9444abd1-582c-4bb4-bc03-76c3c7f1f84f}</UniqueIdentifier>
    </Filter>
    <Filter Include="소스 파일\Dynamic Programming - 동적 계획법">
      <UniqueIdentifier>{94233515-113e-4d60-b0cc-c45938709f16}</UniqueIdentifier>
    </Filter>
  </ItemGroup>
  <ItemGroup>
    <ClCompile Include="%28중%29[기출A-0010] 블록 배열하기.cpp">
      <Filter>소스 파일\Sort</Filter>
    </ClCompile>
    <ClCompile Include="(중)[기출A-0033] 유니콘.cpp">
      <Filter>소스 파일\BFS</Filter>
    </ClCompile>
    <ClCompile Include="1920 수 찾기.cpp">
      <Filter>소스 파일\Binary Search</Filter>
    </ClCompile>
    <ClCompile Include="2003 수들의 합2.cpp">
      <Filter>소스 파일\Two Pointer</Filter>
    </ClCompile>
    <ClCompile Include="(중상)[교육P-0016] 동굴.cpp">
      <Filter>소스 파일\Sort</Filter>
    </ClCompile>
    <ClCompile Include="(중)[연습A-0026] 지은이가 지은 집.cpp">
      <Filter>소스 파일\Two Pointer</Filter>
    </ClCompile>
    <ClCompile Include="(중)[연습A-0024] 거듭제곱 구하기.cpp">
      <Filter>소스 파일\수학</Filter>
    </ClCompile>
    <ClCompile Include="(중상)[교육P-0023] 의미있는 문장 찾기.cpp">
      <Filter>소스 파일\Two Pointer</Filter>
    </ClCompile>
    <ClCompile Include="2042 구간 합 구하기.cpp">
      <Filter>소스 파일\Indexed Tree</Filter>
    </ClCompile>
    <ClCompile Include="(중)[연습A-0020] 탑.cpp">
      <Filter>소스 파일\수학</Filter>
    </ClCompile>
    <ClCompile Include="(중상)[연습P-0019] 구간합.cpp">
      <Filter>소스 파일\Indexed Tree</Filter>
    </ClCompile>
    <ClCompile Include="(중)[기출A-0039] 보물찾기.cpp">
      <Filter>소스 파일\Sort</Filter>
    </ClCompile>
    <ClCompile Include="(중)[연습A-0022] 소수경로.cpp">
      <Filter>소스 파일\에라토스테네스의체</Filter>
    </ClCompile>
    <ClCompile Include="(중)[교육A-0004] 금괴.cpp">
      <Filter>소스 파일\유클리드호제법</Filter>
    </ClCompile>
    <ClCompile Include="(중상)[교육P-0034] 당황한 암호학자.cpp">
      <Filter>소스 파일\에라토스테네스의체</Filter>
    </ClCompile>
    <ClCompile Include="1837 암호제작.cpp">
      <Filter>소스 파일\에라토스테네스의체</Filter>
    </ClCompile>
    <ClCompile Include="14476 최대공약수 하나 빼기.cpp">
      <Filter>소스 파일\유클리드호제법</Filter>
    </ClCompile>
    <ClCompile Include="(중상)[기출P-0033] 미운오리새끼 찾기.cpp">
      <Filter>소스 파일\유클리드호제법</Filter>
    </ClCompile>
    <ClCompile Include="(중상)[교육P-0031] 최대와 최소.cpp">
      <Filter>소스 파일\Indexed Tree</Filter>
    </ClCompile>
    <ClCompile Include="%28중%29[연습A-0028] 나누기.cpp">
      <Filter>소스 파일\분할정복</Filter>
    </ClCompile>
    <ClCompile Include="%28중%29[기출A-0009] 정예병사_Sort.cpp">
      <Filter>소스 파일\Sort</Filter>
    </ClCompile>
    <ClCompile Include="(중)[기출A-0009] 정예병사.cpp">
      <Filter>소스 파일\Priority Queue</Filter>
    </ClCompile>
    <ClCompile Include="(중)[기출A-0015] 사교모임.cpp">
      <Filter>소스 파일\Union-Find</Filter>
    </ClCompile>
    <ClCompile Include="(중상)[교육P-0007] 군사 도로망.cpp">
      <Filter>소스 파일\MST - Kruskal%27s Algorithm</Filter>
    </ClCompile>
    <ClCompile Include="(중상)[기출P-0032] 사격장.cpp">
      <Filter>소스 파일\Union-Find</Filter>
    </ClCompile>
    <ClCompile Include="(중)[사전A-0031] 자율주행 테스트.cpp">
      <Filter>소스 파일\MST - Kruskal%27s Algorithm</Filter>
    </ClCompile>
    <ClCompile Include="11437 LCA.cpp">
      <Filter>소스 파일\LCA 최소공통조상</Filter>
    </ClCompile>
    <ClCompile Include="(중상)[교육P-0008] 임계경로.cpp">
      <Filter>소스 파일\위상정렬</Filter>
    </ClCompile>
    <ClCompile Include="11438 LCA 2.cpp">
      <Filter>소스 파일\LCA 최소공통조상</Filter>
    </ClCompile>
    <ClCompile Include="(중상)[교육P-0026] 최저 공통 조상.cpp">
      <Filter>소스 파일\LCA 최소공통조상</Filter>
    </ClCompile>
    <ClCompile Include="(중상)[기출P-0051] 조상이 키컸으면.cpp">
      <Filter>소스 파일\LCA 최소공통조상</Filter>
    </ClCompile>
    <ClCompile Include="(중)[기출A-0037] 핵심도시1.cpp">
      <Filter>소스 파일\Cut Vertices - 단절점</Filter>
    </ClCompile>
    <ClCompile Include="(중상)[교육P-0009] 최단 경로.cpp">
      <Filter>소스 파일\Dijkstra - 다익스트라</Filter>
    </ClCompile>
    <ClCompile Include="(중상)[연습P-0012] 파티 참석하기.cpp">
      <Filter>소스 파일\Dijkstra - 다익스트라</Filter>
    </ClCompile>
    <ClCompile Include="(중상)[교육P-0006] 가장 먼 두 도시.cpp">
      <Filter>소스 파일\Floyd Warshall - 플로이드와샬</Filter>
    </ClCompile>
    <ClCompile Include="(중상)[연습P-0008] 웜홀.cpp">
      <Filter>소스 파일\Bellman Ford - 벨만포드</Filter>
    </ClCompile>
    <ClCompile Include="(중)[교육A-0012] 보석 털이.cpp">
      <Filter>소스 파일\Dynamic Programming - 동적 계획법</Filter>
    </ClCompile>
    <ClCompile Include="1261 알고스팟.cpp">
      <Filter>소스 파일\Dijkstra - 다익스트라</Filter>
    </ClCompile>
    <ClCompile Include="1753 최단경로.cpp">
      <Filter>소스 파일\Dijkstra - 다익스트라</Filter>
    </ClCompile>
  </ItemGroup>
</Project>